# THIS IS AN AUTOGENERATED FILE. DO NOT EDIT THIS FILE DIRECTLY.
# yarn lockfile v1


dls-htmlparser@^1.0.4:
  version "1.0.4"
  resolved "https://registry.npm.taobao.org/dls-htmlparser/download/dls-htmlparser-1.0.4.tgz#836874ef430b33139332cdf2ec1f793455c1ad1d"
  integrity sha1-g2h070MLMxOTMs3y7B95NFXBrR0=
