# THIS IS AN AUTOGENERATED FILE. DO NOT EDIT THIS FILE DIRECTLY.
# yarn lockfile v1


jquery@^3.5.1:
  version "3.5.1"
  resolved "https://registry.npm.taobao.org/jquery/download/jquery-3.5.1.tgz#d7b4d08e1bfdb86ad2f1a3d039ea17304717abb5"
  integrity sha1-17TQjhv9uGrS8aPQOeoXMEcXq7U=

layer@^0.1.0:
  version "0.1.0"
  resolved "https://registry.npm.taobao.org/layer/download/layer-0.1.0.tgz#76f8abcceec27f0fafb6c523627749c6b4ec8a1c"
  integrity sha1-dvirzO7Cfw+vtsUjYndJxrTsihw=

vue-layer@^1.2.1:
  version "1.2.1"
  resolved "https://registry.npm.taobao.org/vue-layer/download/vue-layer-1.2.1.tgz#0f642baf3a8431e920dba2184475f57dd8363343"
  integrity sha1-D2QrrzqEMekg26IYRHX1fdg2M0M=
